<?xml version="1.0" encoding="utf-8"?>
<Project ToolsVersion="4.0" xmlns="http://schemas.microsoft.com/developer/msbuild/2003">
  <ItemGroup>
    <Filter Include="Source Files">
      <UniqueIdentifier>{4FC737F1-C7A5-4376-A066-2A32D752A2FF}</UniqueIdentifier>
      <Extensions>cpp;c;cc;cxx;def;odl;idl;hpj;bat;asm;asmx</Extensions>
    </Filter>
    <Filter Include="Header Files">
      <UniqueIdentifier>{93995380-89BD-4b04-88EB-625FBE52EBFB}</UniqueIdentifier>
      <Extensions>h;hh;hpp;hxx;hm;inl;inc;xsd</Extensions>
    </Filter>
    <Filter Include="Resource Files">
      <UniqueIdentifier>{67DA6AB6-F800-4c08-8B7A-83BB121AAD01}</UniqueIdentifier>
      <Extensions>rc;ico;cur;bmp;dlg;rc2;rct;bin;rgs;gif;jpg;jpeg;jpe;resx;tiff;tif;png;wav;mfcribbon-ms</Extensions>
    </Filter>
    <Filter Include="Header Files\lib">
      <UniqueIdentifier>{4dd2ddf7-727f-4d92-8a69-8e159dc6591b}</UniqueIdentifier>
    </Filter>
    <Filter Include="Source Files\lib">
      <UniqueIdentifier>{a663a7c0-8fe8-4b40-ad02-235dd36f8457}</UniqueIdentifier>
    </Filter>
  </ItemGroup>
  <ItemGroup>
    <ClCompile Include="main.c">
      <Filter>Source Files</Filter>
    </ClCompile>
    <ClCompile Include="..\lib\types.c">
      <Filter>Source Files\lib</Filter>
    </ClCompile>
    <ClCompile Include="..\lib\vram.c">
      <Filter>Source Files\lib</Filter>
    </ClCompile>
    <ClCompile Include="..\lib\z80_vgm.c">
      <Filter>Source Files\lib</Filter>
    </ClCompile>
    <ClCompile Include="..\lib\z80_mvsc.c">
      <Filter>Source Files\lib</Filter>
    </ClCompile>
    <ClCompile Include="..\lib\z80_ctrl.c">
      <Filter>Source Files\lib</Filter>
    </ClCompile>
    <ClCompile Include="..\lib\ym2612.c">
      <Filter>Source Files\lib</Filter>
    </ClCompile>
    <ClCompile Include="..\lib\xgm.c">
      <Filter>Source Files\lib</Filter>
    </ClCompile>
    <ClCompile Include="..\lib\joy.c">
      <Filter>Source Files\lib</Filter>
    </ClCompile>
  </ItemGroup>
  <ItemGroup>
    <ClInclude Include="main.h">
      <Filter>Header Files</Filter>
    </ClInclude>
    <ClInclude Include="..\lib\types.h">
      <Filter>Header Files\lib</Filter>
    </ClInclude>
    <ClInclude Include="..\lib\vram.h">
      <Filter>Header Files\lib</Filter>
    </ClInclude>
    <ClInclude Include="..\lib\z80_vgm.h">
      <Filter>Header Files\lib</Filter>
    </ClInclude>
    <ClInclude Include="..\lib\z80_mvsc.h">
      <Filter>Header Files\lib</Filter>
    </ClInclude>
    <ClInclude Include="..\lib\z80_ctrl.h">
      <Filter>Header Files\lib</Filter>
    </ClInclude>
    <ClInclude Include="..\lib\ym2612.h">
      <Filter>Header Files\lib</Filter>
    </ClInclude>
    <ClInclude Include="..\lib\xgm.h">
      <Filter>Header Files\lib</Filter>
    </ClInclude>
    <ClInclude Include="..\lib\joy.h">
      <Filter>Header Files\lib</Filter>
    </ClInclude>
  </ItemGroup>
</Project>