<?xml version="1.0" encoding="utf-8"?>
<Project ToolsVersion="4.0" xmlns="http://schemas.microsoft.com/developer/msbuild/2003">
  <ItemGroup>
    <Filter Include="Source Files">
      <UniqueIdentifier>{4FC737F1-C7A5-4376-A066-2A32D752A2FF}</UniqueIdentifier>
      <Extensions>cpp;c;cc;cxx;def;odl;idl;hpj;bat;asm;asmx</Extensions>
    </Filter>
    <Filter Include="Header Files">
      <UniqueIdentifier>{93995380-89BD-4b04-88EB-625FBE52EBFB}</UniqueIdentifier>
      <Extensions>h;hh;hpp;hxx;hm;inl;inc;xsd</Extensions>
    </Filter>
    <Filter Include="Resource Files">
      <UniqueIdentifier>{67DA6AB6-F800-4c08-8B7A-83BB121AAD01}</UniqueIdentifier>
      <Extensions>rc;ico;cur;bmp;dlg;rc2;rct;bin;rgs;gif;jpg;jpeg;jpe;resx;tiff;tif;png;wav;mfcribbon-ms</Extensions>
    </Filter>
  </ItemGroup>
  <ItemGroup>
    <ClCompile Include="main.c">
      <Filter>Source Files</Filter>
    </ClCompile>
  </ItemGroup>
  <ItemGroup>
    <ClInclude Include="main.h">
      <Filter>Source Files</Filter>
    </ClInclude>
    <ClInclude Include="..\inc\genesis.h">
      <Filter>Header Files</Filter>
    </ClInclude>
    <ClInclude Include="..\inc\config.h">
      <Filter>Header Files</Filter>
    </ClInclude>
    <ClInclude Include="..\inc\asm.h">
      <Filter>Header Files</Filter>
    </ClInclude>
    <ClInclude Include="..\inc\types.h">
      <Filter>Header Files</Filter>
    </ClInclude>
    <ClInclude Include="..\inc\sys.h">
      <Filter>Header Files</Filter>
    </ClInclude>
    <ClInclude Include="..\inc\memory.h">
      <Filter>Header Files</Filter>
    </ClInclude>
    <ClInclude Include="..\inc\maths.h">
      <Filter>Header Files</Filter>
    </ClInclude>
    <ClInclude Include="..\inc\maths3D.h">
      <Filter>Header Files</Filter>
    </ClInclude>
    <ClInclude Include="..\inc\vram.h">
      <Filter>Header Files</Filter>
    </ClInclude>
    <ClInclude Include="..\inc\vdp_dma.h">
      <Filter>Header Files</Filter>
    </ClInclude>
    <ClInclude Include="..\inc\vdp_pal.h">
      <Filter>Header Files</Filter>
    </ClInclude>
    <ClInclude Include="..\inc\vdp_spr.h">
      <Filter>Header Files</Filter>
    </ClInclude>
    <ClInclude Include="..\inc\dma.h">
      <Filter>Header Files</Filter>
    </ClInclude>
    <ClInclude Include="..\inc\string.h">
      <Filter>Header Files</Filter>
    </ClInclude>
    <ClInclude Include="..\inc\sram.h">
      <Filter>Header Files</Filter>
    </ClInclude>
    <ClInclude Include="..\inc\fat16.h">
      <Filter>Header Files</Filter>
    </ClInclude>
    <ClInclude Include="..\inc\genres.h">
      <Filter>Header Files</Filter>
    </ClInclude>
    <ClInclude Include="..\inc\joy.h">
      <Filter>Header Files</Filter>
    </ClInclude>
    <ClInclude Include="..\inc\kdebug.h">
      <Filter>Header Files</Filter>
    </ClInclude>
    <ClInclude Include="..\inc\psg.h">
      <Filter>Header Files</Filter>
    </ClInclude>
    <ClInclude Include="..\inc\smp_null.h">
      <Filter>Header Files</Filter>
    </ClInclude>
    <ClInclude Include="..\inc\smp_null_pcm.h">
      <Filter>Header Files</Filter>
    </ClInclude>
    <ClInclude Include="..\inc\sound.h">
      <Filter>Header Files</Filter>
    </ClInclude>
    <ClInclude Include="..\inc\xgm.h">
      <Filter>Header Files</Filter>
    </ClInclude>
    <ClInclude Include="..\inc\ym2612.h">
      <Filter>Header Files</Filter>
    </ClInclude>
    <ClInclude Include="..\inc\z80_ctrl.h">
      <Filter>Header Files</Filter>
    </ClInclude>
    <ClInclude Include="..\inc\z80_mvsc.h">
      <Filter>Header Files</Filter>
    </ClInclude>
    <ClInclude Include="..\inc\z80_vgm.h">
      <Filter>Header Files</Filter>
    </ClInclude>
    <ClInclude Include="..\inc\timer.h">
      <Filter>Header Files</Filter>
    </ClInclude>
    <ClInclude Include="..\inc\tab_cnv.h">
      <Filter>Header Files</Filter>
    </ClInclude>
    <ClInclude Include="..\inc\vdp.h">
      <Filter>Header Files</Filter>
    </ClInclude>
    <ClInclude Include="..\inc\vdp_tile.h">
      <Filter>Header Files</Filter>
    </ClInclude>
    <ClInclude Include="..\inc\bmp.h">
      <Filter>Header Files</Filter>
    </ClInclude>
    <ClInclude Include="..\inc\vdp_bg.h">
      <Filter>Header Files</Filter>
    </ClInclude>
    <ClInclude Include="..\inc\tools.h">
      <Filter>Header Files</Filter>
    </ClInclude>
  </ItemGroup>
</Project>